// !$*UTF8*$!
{
	archiveVersion = 1;
	classes = {
	};
	objectVersion = 46;
	objects = {

/* Begin PBXBuildFile section */
		4A9FB8BC14F5702B00550D72 /* UIKit.framework in Frameworks */ = {isa = PBXBuildFile; fileRef = 4A9FB8BB14F5702B00550D72 /* UIKit.framework */; };
		4A9FB8BE14F5702B00550D72 /* Foundation.framework in Frameworks */ = {isa = PBXBuildFile; fileRef = 4A9FB8BD14F5702B00550D72 /* Foundation.framework */; };
		4A9FB8C014F5702B00550D72 /* CoreGraphics.framework in Frameworks */ = {isa = PBXBuildFile; fileRef = 4A9FB8BF14F5702B00550D72 /* CoreGraphics.framework */; };
		4A9FB8C614F5702B00550D72 /* InfoPlist.strings in Resources */ = {isa = PBXBuildFile; fileRef = 4A9FB8C414F5702B00550D72 /* InfoPlist.strings */; };
		4A9FB8C914F5702B00550D72 /* main.m in Sources */ = {isa = PBXBuildFile; fileRef = 4A9FB8C814F5702B00550D72 /* main.m */; };
		4A9FB8CC14F5702B00550D72 /* Exercise9AppDelegate.m in Sources */ = {isa = PBXBuildFile; fileRef = 4A9FB8CB14F5702B00550D72 /* Exercise9AppDelegate.m */; };
		4A9FB8CF14F5702B00550D72 /* MainWindow.xib in Resources */ = {isa = PBXBuildFile; fileRef = 4A9FB8CD14F5702B00550D72 /* MainWindow.xib */; };
		4A9FB8D214F5702B00550D72 /* Exercise9ViewController.m in Sources */ = {isa = PBXBuildFile; fileRef = 4A9FB8D114F5702B00550D72 /* Exercise9ViewController.m */; };
		4A9FB8D514F5702B00550D72 /* Exercise9ViewController.xib in Resources */ = {isa = PBXBuildFile; fileRef = 4A9FB8D314F5702B00550D72 /* Exercise9ViewController.xib */; };
		4AD4CD6C14F685E100FF7709 /* RecipeViewController.m in Sources */ = {isa = PBXBuildFile; fileRef = 4AD4CD6A14F685E100FF7709 /* RecipeViewController.m */; };
		4AD4CD6D14F685E100FF7709 /* RecipeViewController.xib in Resources */ = {isa = PBXBuildFile; fileRef = 4AD4CD6B14F685E100FF7709 /* RecipeViewController.xib */; };
/* End PBXBuildFile section */

/* Begin PBXFileReference section */
		4A9FB8B714F5702B00550D72 /* Exercise9.app */ = {isa = PBXFileReference; explicitFileType = wrapper.application; includeInIndex = 0; path = Exercise9.app; sourceTree = BUILT_PRODUCTS_DIR; };
		4A9FB8BB14F5702B00550D72 /* UIKit.framework */ = {isa = PBXFileReference; lastKnownFileType = wrapper.framework; name = UIKit.framework; path = System/Library/Frameworks/UIKit.framework; sourceTree = SDKROOT; };
		4A9FB8BD14F5702B00550D72 /* Foundation.framework */ = {isa = PBXFileReference; lastKnownFileType = wrapper.framework; name = Foundation.framework; path = System/Library/Frameworks/Foundation.framework; sourceTree = SDKROOT; };
		4A9FB8BF14F5702B00550D72 /* CoreGraphics.framework */ = {isa = PBXFileReference; lastKnownFileType = wrapper.framework; name = CoreGraphics.framework; path = System/Library/Frameworks/CoreGraphics.framework; sourceTree = SDKROOT; };
		4A9FB8C314F5702B00550D72 /* Exercise9-Info.plist */ = {isa = PBXFileReference; lastKnownFileType = text.plist.xml; path = "Exercise9-Info.plist"; sourceTree = "<group>"; };
		4A9FB8C514F5702B00550D72 /* en */ = {isa = PBXFileReference; lastKnownFileType = text.plist.strings; name = en; path = en.lproj/InfoPlist.strings; sourceTree = "<group>"; };
		4A9FB8C714F5702B00550D72 /* Exercise9-Prefix.pch */ = {isa = PBXFileReference; lastKnownFileType = sourcecode.c.h; path = "Exercise9-Prefix.pch"; sourceTree = "<group>"; };
		4A9FB8C814F5702B00550D72 /* main.m */ = {isa = PBXFileReference; lastKnownFileType = sourcecode.c.objc; path = main.m; sourceTree = "<group>"; };
		4A9FB8CA14F5702B00550D72 /* Exercise9AppDelegate.h */ = {isa = PBXFileReference; lastKnownFileType = sourcecode.c.h; path = Exercise9AppDelegate.h; sourceTree = "<group>"; };
		4A9FB8CB14F5702B00550D72 /* Exercise9AppDelegate.m */ = {isa = PBXFileReference; lastKnownFileType = sourcecode.c.objc; path = Exercise9AppDelegate.m; sourceTree = "<group>"; };
		4A9FB8CE14F5702B00550D72 /* en */ = {isa = PBXFileReference; lastKnownFileType = file.xib; name = en; path = en.lproj/MainWindow.xib; sourceTree = "<group>"; };
		4A9FB8D014F5702B00550D72 /* Exercise9ViewController.h */ = {isa = PBXFileReference; lastKnownFileType = sourcecode.c.h; path = Exercise9ViewController.h; sourceTree = "<group>"; };
		4A9FB8D114F5702B00550D72 /* Exercise9ViewController.m */ = {isa = PBXFileReference; lastKnownFileType = sourcecode.c.objc; path = Exercise9ViewController.m; sourceTree = "<group>"; };
		4A9FB8D414F5702B00550D72 /* en */ = {isa = PBXFileReference; lastKnownFileType = file.xib; name = en; path = en.lproj/Exercise9ViewController.xib; sourceTree = "<group>"; };
		4AD4CD6914F685E100FF7709 /* RecipeViewController.h */ = {isa = PBXFileReference; fileEncoding = 4; lastKnownFileType = sourcecode.c.h; path = RecipeViewController.h; sourceTree = "<group>"; };
		4AD4CD6A14F685E100FF7709 /* RecipeViewController.m */ = {isa = PBXFileReference; fileEncoding = 4; lastKnownFileType = sourcecode.c.objc; path = RecipeViewController.m; sourceTree = "<group>"; };
		4AD4CD6B14F685E100FF7709 /* RecipeViewController.xib */ = {isa = PBXFileReference; fileEncoding = 4; lastKnownFileType = file.xib; path = RecipeViewController.xib; sourceTree = "<group>"; };
/* End PBXFileReference section */

/* Begin PBXFrameworksBuildPhase section */
		4A9FB8B414F5702B00550D72 /* Frameworks */ = {
			isa = PBXFrameworksBuildPhase;
			buildActionMask = 2147483647;
			files = (
				4A9FB8BC14F5702B00550D72 /* UIKit.framework in Frameworks */,
				4A9FB8BE14F5702B00550D72 /* Foundation.framework in Frameworks */,
				4A9FB8C014F5702B00550D72 /* CoreGraphics.framework in Frameworks */,
			);
			runOnlyForDeploymentPostprocessing = 0;
		};
/* End PBXFrameworksBuildPhase section */

/* Begin PBXGroup section */
		4A9FB8AC14F5702B00550D72 = {
			isa = PBXGroup;
			children = (
				4A9FB8C114F5702B00550D72 /* Exercise9 */,
				4A9FB8BA14F5702B00550D72 /* Frameworks */,
				4A9FB8B814F5702B00550D72 /* Products */,
			);
			sourceTree = "<group>";
		};
		4A9FB8B814F5702B00550D72 /* Products */ = {
			isa = PBXGroup;
			children = (
				4A9FB8B714F5702B00550D72 /* Exercise9.app */,
			);
			name = Products;
			sourceTree = "<group>";
		};
		4A9FB8BA14F5702B00550D72 /* Frameworks */ = {
			isa = PBXGroup;
			children = (
				4A9FB8BB14F5702B00550D72 /* UIKit.framework */,
				4A9FB8BD14F5702B00550D72 /* Foundation.framework */,
				4A9FB8BF14F5702B00550D72 /* CoreGraphics.framework */,
			);
			name = Frameworks;
			sourceTree = "<group>";
		};
		4A9FB8C114F5702B00550D72 /* Exercise9 */ = {
			isa = PBXGroup;
			children = (
				4A9FB8CA14F5702B00550D72 /* Exercise9AppDelegate.h */,
				4A9FB8CB14F5702B00550D72 /* Exercise9AppDelegate.m */,
				4A9FB8CD14F5702B00550D72 /* MainWindow.xib */,
				4A9FB8D014F5702B00550D72 /* Exercise9ViewController.h */,
				4A9FB8D114F5702B00550D72 /* Exercise9ViewController.m */,
				4A9FB8D314F5702B00550D72 /* Exercise9ViewController.xib */,
				4A9FB8C214F5702B00550D72 /* Supporting Files */,
				4AD4CD6914F685E100FF7709 /* RecipeViewController.h */,
				4AD4CD6A14F685E100FF7709 /* RecipeViewController.m */,
				4AD4CD6B14F685E100FF7709 /* RecipeViewController.xib */,
			);
			path = Exercise9;
			sourceTree = "<group>";
		};
		4A9FB8C214F5702B00550D72 /* Supporting Files */ = {
			isa = PBXGroup;
			children = (
				4A9FB8C314F5702B00550D72 /* Exercise9-Info.plist */,
				4A9FB8C414F5702B00550D72 /* InfoPlist.strings */,
				4A9FB8C714F5702B00550D72 /* Exercise9-Prefix.pch */,
				4A9FB8C814F5702B00550D72 /* main.m */,
			);
			name = "Supporting Files";
			sourceTree = "<group>";
		};
/* End PBXGroup section */

/* Begin PBXNativeTarget section */
		4A9FB8B614F5702B00550D72 /* Exercise9 */ = {
			isa = PBXNativeTarget;
			buildConfigurationList = 4A9FB8D814F5702B00550D72 /* Build configuration list for PBXNativeTarget "Exercise9" */;
			buildPhases = (
				4A9FB8B314F5702B00550D72 /* Sources */,
				4A9FB8B414F5702B00550D72 /* Frameworks */,
				4A9FB8B514F5702B00550D72 /* Resources */,
			);
			buildRules = (
			);
			dependencies = (
			);
			name = Exercise9;
			productName = Exercise9;
			productReference = 4A9FB8B714F5702B00550D72 /* Exercise9.app */;
			productType = "com.apple.product-type.application";
		};
/* End PBXNativeTarget section */

/* Begin PBXProject section */
		4A9FB8AE14F5702B00550D72 /* Project object */ = {
			isa = PBXProject;
			buildConfigurationList = 4A9FB8B114F5702B00550D72 /* Build configuration list for PBXProject "Exercise9" */;
			compatibilityVersion = "Xcode 3.2";
			developmentRegion = English;
			hasScannedForEncodings = 0;
			knownRegions = (
				en,
			);
			mainGroup = 4A9FB8AC14F5702B00550D72;
			productRefGroup = 4A9FB8B814F5702B00550D72 /* Products */;
			projectDirPath = "";
			projectRoot = "";
			targets = (
				4A9FB8B614F5702B00550D72 /* Exercise9 */,
			);
		};
/* End PBXProject section */

/* Begin PBXResourcesBuildPhase section */
		4A9FB8B514F5702B00550D72 /* Resources */ = {
			isa = PBXResourcesBuildPhase;
			buildActionMask = 2147483647;
			files = (
				4A9FB8C614F5702B00550D72 /* InfoPlist.strings in Resources */,
				4A9FB8CF14F5702B00550D72 /* MainWindow.xib in Resources */,
				4A9FB8D514F5702B00550D72 /* Exercise9ViewController.xib in Resources */,
				4AD4CD6D14F685E100FF7709 /* RecipeViewController.xib in Resources */,
			);
			runOnlyForDeploymentPostprocessing = 0;
		};
/* End PBXResourcesBuildPhase section */

/* Begin PBXSourcesBuildPhase section */
		4A9FB8B314F5702B00550D72 /* Sources */ = {
			isa = PBXSourcesBuildPhase;
			buildActionMask = 2147483647;
			files = (
				4A9FB8C914F5702B00550D72 /* main.m in Sources */,
				4A9FB8CC14F5702B00550D72 /* Exercise9AppDelegate.m in Sources */,
				4A9FB8D214F5702B00550D72 /* Exercise9ViewController.m in Sources */,
				4AD4CD6C14F685E100FF7709 /* RecipeViewController.m in Sources */,
			);
			runOnlyForDeploymentPostprocessing = 0;
		};
/* End PBXSourcesBuildPhase section */

/* Begin PBXVariantGroup section */
		4A9FB8C414F5702B00550D72 /* InfoPlist.strings */ = {
			isa = PBXVariantGroup;
			children = (
				4A9FB8C514F5702B00550D72 /* en */,
			);
			name = InfoPlist.strings;
			sourceTree = "<group>";
		};
		4A9FB8CD14F5702B00550D72 /* MainWindow.xib */ = {
			isa = PBXVariantGroup;
			children = (
				4A9FB8CE14F5702B00550D72 /* en */,
			);
			name = MainWindow.xib;
			sourceTree = "<group>";
		};
		4A9FB8D314F5702B00550D72 /* Exercise9ViewController.xib */ = {
			isa = PBXVariantGroup;
			children = (
				4A9FB8D414F5702B00550D72 /* en */,
			);
			name = Exercise9ViewController.xib;
			sourceTree = "<group>";
		};
/* End PBXVariantGroup section */

/* Begin XCBuildConfiguration section */
		4A9FB8D614F5702B00550D72 /* Debug */ = {
			isa = XCBuildConfiguration;
			buildSettings = {
				ARCHS = "$(ARCHS_STANDARD_32_BIT)";
				"CODE_SIGN_IDENTITY[sdk=iphoneos*]" = "iPhone Developer";
				GCC_C_LANGUAGE_STANDARD = gnu99;
				GCC_OPTIMIZATION_LEVEL = 0;
				GCC_PREPROCESSOR_DEFINITIONS = DEBUG;
				GCC_SYMBOLS_PRIVATE_EXTERN = NO;
				GCC_VERSION = com.apple.compilers.llvmgcc42;
				GCC_WARN_ABOUT_RETURN_TYPE = YES;
				GCC_WARN_UNUSED_VARIABLE = YES;
				IPHONEOS_DEPLOYMENT_TARGET = 4.3;
				SDKROOT = iphoneos;
			};
			name = Debug;
		};
		4A9FB8D714F5702B00550D72 /* Release */ = {
			isa = XCBuildConfiguration;
			buildSettings = {
				ARCHS = "$(ARCHS_STANDARD_32_BIT)";
				"CODE_SIGN_IDENTITY[sdk=iphoneos*]" = "iPhone Developer";
				GCC_C_LANGUAGE_STANDARD = gnu99;
				GCC_VERSION = com.apple.compilers.llvmgcc42;
				GCC_WARN_ABOUT_RETURN_TYPE = YES;
				GCC_WARN_UNUSED_VARIABLE = YES;
				IPHONEOS_DEPLOYMENT_TARGET = 4.3;
				OTHER_CFLAGS = "-DNS_BLOCK_ASSERTIONS=1";
				SDKROOT = iphoneos;
			};
			name = Release;
		};
		4A9FB8D914F5702B00550D72 /* Debug */ = {
			isa = XCBuildConfiguration;
			buildSettings = {
				ALWAYS_SEARCH_USER_PATHS = NO;
				COPY_PHASE_STRIP = NO;
				GCC_DYNAMIC_NO_PIC = NO;
				GCC_PRECOMPILE_PREFIX_HEADER = YES;
				GCC_PREFIX_HEADER = "Exercise9/Exercise9-Prefix.pch";
				INFOPLIST_FILE = "Exercise9/Exercise9-Info.plist";
				PRODUCT_NAME = "$(TARGET_NAME)";
				WRAPPER_EXTENSION = app;
			};
			name = Debug;
		};
		4A9FB8DA14F5702B00550D72 /* Release */ = {
			isa = XCBuildConfiguration;
			buildSettings = {
				ALWAYS_SEARCH_USER_PATHS = NO;
				COPY_PHASE_STRIP = YES;
				GCC_PRECOMPILE_PREFIX_HEADER = YES;
				GCC_PREFIX_HEADER = "Exercise9/Exercise9-Prefix.pch";
				INFOPLIST_FILE = "Exercise9/Exercise9-Info.plist";
				PRODUCT_NAME = "$(TARGET_NAME)";
				VALIDATE_PRODUCT = YES;
				WRAPPER_EXTENSION = app;
			};
			name = Release;
		};
/* End XCBuildConfiguration section */

/* Begin XCConfigurationList section */
		4A9FB8B114F5702B00550D72 /* Build configuration list for PBXProject "Exercise9" */ = {
			isa = XCConfigurationList;
			buildConfigurations = (
				4A9FB8D614F5702B00550D72 /* Debug */,
				4A9FB8D714F5702B00550D72 /* Release */,
			);
			defaultConfigurationIsVisible = 0;
			defaultConfigurationName = Release;
		};
		4A9FB8D814F5702B00550D72 /* Build configuration list for PBXNativeTarget "Exercise9" */ = {
			isa = XCConfigurationList;
			buildConfigurations = (
				4A9FB8D914F5702B00550D72 /* Debug */,
				4A9FB8DA14F5702B00550D72 /* Release */,
			);
			defaultConfigurationIsVisible = 0;
			defaultConfigurationName = Release;
		};
/* End XCConfigurationList section */
	};
	rootObject = 4A9FB8AE14F5702B00550D72 /* Project object */;
}
